Microsoft Visual Studio Solution File, Format Version 9.00
# Visual Studio 2005
Project("{54435603-DBB4-11D2-8724-00A0C9A8B90C}") = "Setup1", "Setup1.vdproj", "{004CCA6A-5641-47C4-AE42-912282493A2E}"
EndProject
Global
	GlobalSection(SolutionConfigurationPlatforms) = preSolution
		Debug|Default = Debug|Default
		Release|Default = Release|Default
	EndGlobalSection
	GlobalSection(ProjectConfigurationPlatforms) = postSolution
		{004CCA6A-5641-47C4-AE42-912282493A2E}.Debug|Default.ActiveCfg = Debug
		{004CCA6A-5641-47C4-AE42-912282493A2E}.Debug|Default.Build.0 = Debug
		{004CCA6A-5641-47C4-AE42-912282493A2E}.Release|Default.ActiveCfg = Release
		{004CCA6A-5641-47C4-AE42-912282493A2E}.Release|Default.Build.0 = Release
	EndGlobalSection
	GlobalSection(SolutionProperties) = preSolution
		HideSolutionNode = FALSE
	EndGlobalSection
EndGlobal
